
Microsoft Visual Studio Solution File, Format Version 12.00
# Visual Studio Version 16
VisualStudioVersion = 16.0.29409.12
MinimumVisualStudioVersion = 10.0.40219.1
Project("{FAE04EC0-301F-11D3-BF4B-00C04F79EFBC}") = "FoodOrderView", "FoodOrderView\FoodOrderView.csproj", "{02A2D541-CC68-4A9D-ACFA-38CE90DA7C11}"
EndProject
Project("{9A19103F-16F7-4668-BE54-9A1E7A4F7556}") = "FoodOrderBusinessLogic", "FoodOrderBusinessLogic\FoodOrderBusinessLogic.csproj", "{044AF63A-B579-49AC-9DF4-624D0E14FB39}"
EndProject
Project("{9A19103F-16F7-4668-BE54-9A1E7A4F7556}") = "FoodOrderListImplement", "FoodOrderListImplement\FoodOrderListImplement.csproj", "{35DA8C7B-B60E-4391-82DF-02FD524F0FDE}"
EndProject
Global
	GlobalSection(SolutionConfigurationPlatforms) = preSolution
		Debug|Any CPU = Debug|Any CPU
		Release|Any CPU = Release|Any CPU
	EndGlobalSection
	GlobalSection(ProjectConfigurationPlatforms) = postSolution
		{02A2D541-CC68-4A9D-ACFA-38CE90DA7C11}.Debug|Any CPU.ActiveCfg = Debug|Any CPU
		{02A2D541-CC68-4A9D-ACFA-38CE90DA7C11}.Debug|Any CPU.Build.0 = Debug|Any CPU
		{02A2D541-CC68-4A9D-ACFA-38CE90DA7C11}.Release|Any CPU.ActiveCfg = Release|Any CPU
		{02A2D541-CC68-4A9D-ACFA-38CE90DA7C11}.Release|Any CPU.Build.0 = Release|Any CPU
		{044AF63A-B579-49AC-9DF4-624D0E14FB39}.Debug|Any CPU.ActiveCfg = Debug|Any CPU
		{044AF63A-B579-49AC-9DF4-624D0E14FB39}.Debug|Any CPU.Build.0 = Debug|Any CPU
		{044AF63A-B579-49AC-9DF4-624D0E14FB39}.Release|Any CPU.ActiveCfg = Release|Any CPU
		{044AF63A-B579-49AC-9DF4-624D0E14FB39}.Release|Any CPU.Build.0 = Release|Any CPU
		{35DA8C7B-B60E-4391-82DF-02FD524F0FDE}.Debug|Any CPU.ActiveCfg = Debug|Any CPU
		{35DA8C7B-B60E-4391-82DF-02FD524F0FDE}.Debug|Any CPU.Build.0 = Debug|Any CPU
		{35DA8C7B-B60E-4391-82DF-02FD524F0FDE}.Release|Any CPU.ActiveCfg = Release|Any CPU
		{35DA8C7B-B60E-4391-82DF-02FD524F0FDE}.Release|Any CPU.Build.0 = Release|Any CPU
	EndGlobalSection
	GlobalSection(SolutionProperties) = preSolution
		HideSolutionNode = FALSE
	EndGlobalSection
	GlobalSection(ExtensibilityGlobals) = postSolution
		SolutionGuid = {B66983E4-39FE-4139-814C-D39C578C71FC}
	EndGlobalSection
EndGlobal
